
Microsoft Visual Studio Solution File, Format Version 12.00
# Visual Studio 15
VisualStudioVersion = 15.0.26228.9
MinimumVisualStudioVersion = 10.0.40219.1
Project("{FAE04EC0-301F-11D3-BF4B-00C04F79EFBC}") = "LocalInfo", "LocalInfo\LocalInfo.csproj", "{4D4D3D40-6DCF-49BD-94A2-BCA597CF1CFA}"
EndProject
Global
	GlobalSection(SolutionConfigurationPlatforms) = preSolution
		Debug|Any CPU = Debug|Any CPU
		Release|Any CPU = Release|Any CPU
	EndGlobalSection
	GlobalSection(ProjectConfigurationPlatforms) = postSolution
		{4D4D3D40-6DCF-49BD-94A2-BCA597CF1CFA}.Debug|Any CPU.ActiveCfg = Debug|Any CPU
		{4D4D3D40-6DCF-49BD-94A2-BCA597CF1CFA}.Debug|Any CPU.Build.0 = Debug|Any CPU
		{4D4D3D40-6DCF-49BD-94A2-BCA597CF1CFA}.Release|Any CPU.ActiveCfg = Release|Any CPU
		{4D4D3D40-6DCF-49BD-94A2-BCA597CF1CFA}.Release|Any CPU.Build.0 = Release|Any CPU
	EndGlobalSection
	GlobalSection(SolutionProperties) = preSolution
		HideSolutionNode = FALSE
	EndGlobalSection
EndGlobal
